
Microsoft Visual Studio Solution File, Format Version 12.00
# Visual Studio Version 17
VisualStudioVersion = 17.2.32630.192
MinimumVisualStudioVersion = 10.0.40219.1
Project("{FAE04EC0-301F-11D3-BF4B-00C04F79EFBC}") = "Exercise Entity Relations", "Exercise Entity Relations\Exercise Entity Relations.csproj", "{7D5345E2-4665-4EAC-9EE9-8994DD7B3778}"
EndProject
Project("{FAE04EC0-301F-11D3-BF4B-00C04F79EFBC}") = "P02_FootballBetting.Data", "P02_FootballBetting.Data\P02_FootballBetting.Data.csproj", "{E2B3B8D1-A1D7-48EB-AAF7-7AF65344FCF8}"
EndProject
Project("{FAE04EC0-301F-11D3-BF4B-00C04F79EFBC}") = "P02_FootballBetting.Data.Models", "P02_FootballBetting.Data.Models\P02_FootballBetting.Data.Models.csproj", "{2E24C838-4CE8-4C29-AF8B-130CAC1BC653}"
EndProject
Global
	GlobalSection(SolutionConfigurationPlatforms) = preSolution
		Debug|Any CPU = Debug|Any CPU
		Release|Any CPU = Release|Any CPU
	EndGlobalSection
	GlobalSection(ProjectConfigurationPlatforms) = postSolution
		{7D5345E2-4665-4EAC-9EE9-8994DD7B3778}.Debug|Any CPU.ActiveCfg = Debug|Any CPU
		{7D5345E2-4665-4EAC-9EE9-8994DD7B3778}.Debug|Any CPU.Build.0 = Debug|Any CPU
		{7D5345E2-4665-4EAC-9EE9-8994DD7B3778}.Release|Any CPU.ActiveCfg = Release|Any CPU
		{7D5345E2-4665-4EAC-9EE9-8994DD7B3778}.Release|Any CPU.Build.0 = Release|Any CPU
		{E2B3B8D1-A1D7-48EB-AAF7-7AF65344FCF8}.Debug|Any CPU.ActiveCfg = Debug|Any CPU
		{E2B3B8D1-A1D7-48EB-AAF7-7AF65344FCF8}.Debug|Any CPU.Build.0 = Debug|Any CPU
		{E2B3B8D1-A1D7-48EB-AAF7-7AF65344FCF8}.Release|Any CPU.ActiveCfg = Release|Any CPU
		{E2B3B8D1-A1D7-48EB-AAF7-7AF65344FCF8}.Release|Any CPU.Build.0 = Release|Any CPU
		{2E24C838-4CE8-4C29-AF8B-130CAC1BC653}.Debug|Any CPU.ActiveCfg = Debug|Any CPU
		{2E24C838-4CE8-4C29-AF8B-130CAC1BC653}.Debug|Any CPU.Build.0 = Debug|Any CPU
		{2E24C838-4CE8-4C29-AF8B-130CAC1BC653}.Release|Any CPU.ActiveCfg = Release|Any CPU
		{2E24C838-4CE8-4C29-AF8B-130CAC1BC653}.Release|Any CPU.Build.0 = Release|Any CPU
	EndGlobalSection
	GlobalSection(SolutionProperties) = preSolution
		HideSolutionNode = FALSE
	EndGlobalSection
	GlobalSection(ExtensibilityGlobals) = postSolution
		SolutionGuid = {A88FFEF4-B55D-4835-9F82-CA2653472B59}
	EndGlobalSection
EndGlobal
